
Microsoft Visual Studio Solution File, Format Version 12.00
# Visual Studio Version 16
VisualStudioVersion = 16.0.30907.101
MinimumVisualStudioVersion = 10.0.40219.1
Project("{FAE04EC0-301F-11D3-BF4B-00C04F79EFBC}") = "PoHSyncEngine", "PoHSyncEngine\PoHSyncEngine.csproj", "{87551836-E52A-4195-95F8-13E1F9487349}"
EndProject
Project("{FAE04EC0-301F-11D3-BF4B-00C04F79EFBC}") = "PoHSyncTestApp", "PoHSyncTestApp\PoHSyncTestApp.csproj", "{707AEAA9-7AB3-4743-BDD3-F1B1DAB7F81F}"
EndProject
Global
	GlobalSection(SolutionConfigurationPlatforms) = preSolution
		Debug|Any CPU = Debug|Any CPU
		Release|Any CPU = Release|Any CPU
	EndGlobalSection
	GlobalSection(ProjectConfigurationPlatforms) = postSolution
		{87551836-E52A-4195-95F8-13E1F9487349}.Debug|Any CPU.ActiveCfg = Debug|Any CPU
		{87551836-E52A-4195-95F8-13E1F9487349}.Debug|Any CPU.Build.0 = Debug|Any CPU
		{87551836-E52A-4195-95F8-13E1F9487349}.Release|Any CPU.ActiveCfg = Release|Any CPU
		{87551836-E52A-4195-95F8-13E1F9487349}.Release|Any CPU.Build.0 = Release|Any CPU
		{707AEAA9-7AB3-4743-BDD3-F1B1DAB7F81F}.Debug|Any CPU.ActiveCfg = Debug|Any CPU
		{707AEAA9-7AB3-4743-BDD3-F1B1DAB7F81F}.Debug|Any CPU.Build.0 = Debug|Any CPU
		{707AEAA9-7AB3-4743-BDD3-F1B1DAB7F81F}.Release|Any CPU.ActiveCfg = Release|Any CPU
		{707AEAA9-7AB3-4743-BDD3-F1B1DAB7F81F}.Release|Any CPU.Build.0 = Release|Any CPU
	EndGlobalSection
	GlobalSection(SolutionProperties) = preSolution
		HideSolutionNode = FALSE
	EndGlobalSection
	GlobalSection(ExtensibilityGlobals) = postSolution
		SolutionGuid = {EF79C5D8-E721-4B94-8C69-417635F99A26}
	EndGlobalSection
EndGlobal
